
Microsoft Visual Studio Solution File, Format Version 12.00
# Visual Studio Version 16
VisualStudioVersion = 16.0.28803.452
MinimumVisualStudioVersion = 15.0.26124.0
Project("{9A19103F-16F7-4668-BE54-9A1E7A4F7556}") = "HyperPCB.Core", "HyperPCB.Core\HyperPCB.Core.csproj", "{DA45E4F9-89C6-4214-97A2-71A736AB2A16}"
EndProject
Project("{9A19103F-16F7-4668-BE54-9A1E7A4F7556}") = "HyperPCB.Local", "HyperPCB.Local\HyperPCB.Local.csproj", "{568C3E29-B51C-44C0-94A0-BF4F53281444}"
EndProject
Global
	GlobalSection(SolutionConfigurationPlatforms) = preSolution
		Debug|Any CPU = Debug|Any CPU
		Debug|x64 = Debug|x64
		Debug|x86 = Debug|x86
		Release|Any CPU = Release|Any CPU
		Release|x64 = Release|x64
		Release|x86 = Release|x86
	EndGlobalSection
	GlobalSection(ProjectConfigurationPlatforms) = postSolution
		{DA45E4F9-89C6-4214-97A2-71A736AB2A16}.Debug|Any CPU.ActiveCfg = Debug|Any CPU
		{DA45E4F9-89C6-4214-97A2-71A736AB2A16}.Debug|Any CPU.Build.0 = Debug|Any CPU
		{DA45E4F9-89C6-4214-97A2-71A736AB2A16}.Debug|x64.ActiveCfg = Debug|Any CPU
		{DA45E4F9-89C6-4214-97A2-71A736AB2A16}.Debug|x64.Build.0 = Debug|Any CPU
		{DA45E4F9-89C6-4214-97A2-71A736AB2A16}.Debug|x86.ActiveCfg = Debug|Any CPU
		{DA45E4F9-89C6-4214-97A2-71A736AB2A16}.Debug|x86.Build.0 = Debug|Any CPU
		{DA45E4F9-89C6-4214-97A2-71A736AB2A16}.Release|Any CPU.ActiveCfg = Release|Any CPU
		{DA45E4F9-89C6-4214-97A2-71A736AB2A16}.Release|Any CPU.Build.0 = Release|Any CPU
		{DA45E4F9-89C6-4214-97A2-71A736AB2A16}.Release|x64.ActiveCfg = Release|Any CPU
		{DA45E4F9-89C6-4214-97A2-71A736AB2A16}.Release|x64.Build.0 = Release|Any CPU
		{DA45E4F9-89C6-4214-97A2-71A736AB2A16}.Release|x86.ActiveCfg = Release|Any CPU
		{DA45E4F9-89C6-4214-97A2-71A736AB2A16}.Release|x86.Build.0 = Release|Any CPU
		{568C3E29-B51C-44C0-94A0-BF4F53281444}.Debug|Any CPU.ActiveCfg = Debug|Any CPU
		{568C3E29-B51C-44C0-94A0-BF4F53281444}.Debug|Any CPU.Build.0 = Debug|Any CPU
		{568C3E29-B51C-44C0-94A0-BF4F53281444}.Debug|x64.ActiveCfg = Debug|Any CPU
		{568C3E29-B51C-44C0-94A0-BF4F53281444}.Debug|x64.Build.0 = Debug|Any CPU
		{568C3E29-B51C-44C0-94A0-BF4F53281444}.Debug|x86.ActiveCfg = Debug|Any CPU
		{568C3E29-B51C-44C0-94A0-BF4F53281444}.Debug|x86.Build.0 = Debug|Any CPU
		{568C3E29-B51C-44C0-94A0-BF4F53281444}.Release|Any CPU.ActiveCfg = Release|Any CPU
		{568C3E29-B51C-44C0-94A0-BF4F53281444}.Release|Any CPU.Build.0 = Release|Any CPU
		{568C3E29-B51C-44C0-94A0-BF4F53281444}.Release|x64.ActiveCfg = Release|Any CPU
		{568C3E29-B51C-44C0-94A0-BF4F53281444}.Release|x64.Build.0 = Release|Any CPU
		{568C3E29-B51C-44C0-94A0-BF4F53281444}.Release|x86.ActiveCfg = Release|Any CPU
		{568C3E29-B51C-44C0-94A0-BF4F53281444}.Release|x86.Build.0 = Release|Any CPU
	EndGlobalSection
	GlobalSection(SolutionProperties) = preSolution
		HideSolutionNode = FALSE
	EndGlobalSection
	GlobalSection(ExtensibilityGlobals) = postSolution
		SolutionGuid = {988D9BDD-2113-4B26-9A8A-E7831F7AD0EC}
	EndGlobalSection
EndGlobal
